{
  "name": "book",
  "version": "1.0.0",
  "lockfileVersion": 1,
  "requires": true,
  "dependencies": {
    "mongoose-autopopulate": {
      "version": "0.14.0",
      "resolved": "https://registry.npmjs.org/mongoose-autopopulate/-/mongoose-autopopulate-0.14.0.tgz",
      "integrity": "sha512-3EsOeFpEAwK2XQntI9CUf7dOq5HpI3lZFYzXukD0ep0Ctmdewgyt5VgS64Afuf/K6QggLt9RKsjexVphnhmeXg=="
    }
  }
}
